[custom]

# 广告拦截
# 支持网易云，使用取消注释
;设置规则标志位
ruleset=国内,https://ghproxy.com/https://raw.githubusercontent.com/ACL4SSR/ACL4SSR/master/Clash/LocalAreaNetwork.list
ruleset=国内,https://ghproxy.com/https://raw.githubusercontent.com/ACL4SSR/ACL4SSR/master/Clash/UnBan.list
ruleset=国外,https://ghproxy.com/https://raw.githubusercontent.com/ACL4SSR/ACL4SSR/master/Clash/BanEasyPrivacy.list
ruleset=国外,https://ghproxy.com/https://raw.githubusercontent.com/ACL4SSR/ACL4SSR/master/Clash/Ruleset/GoogleFCM.list
ruleset=国内,https://ghproxy.com/https://raw.githubusercontent.com/ACL4SSR/ACL4SSR/master/Clash/GoogleCN.list
ruleset=国外,https://ghproxy.com/https://raw.githubusercontent.com/ACL4SSR/ACL4SSR/master/Clash/OneDrive.list
ruleset=国外,https://ghproxy.com/https://raw.githubusercontent.com/ACL4SSR/ACL4SSR/master/Clash/Microsoft.list
ruleset=国外,https://ghproxy.com/https://raw.githubusercontent.com/ACL4SSR/ACL4SSR/master/Clash/Apple.list
ruleset=国外,https://ghproxy.com/https://raw.githubusercontent.com/ACL4SSR/ACL4SSR/master/Clash/Telegram.list
ruleset=游戏,https://ghproxy.com/https://raw.githubusercontent.com/ACL4SSR/ACL4SSR/master/Clash/Ruleset/Epic.list
ruleset=游戏,https://ghproxy.com/https://raw.githubusercontent.com/ACL4SSR/ACL4SSR/master/Clash/Ruleset/Sony.list
ruleset=游戏,https://ghproxy.com/https://raw.githubusercontent.com/ACL4SSR/ACL4SSR/master/Clash/Ruleset/Steam.list
ruleset=国外,https://ghproxy.com/https://raw.githubusercontent.com/ACL4SSR/ACL4SSR/master/Clash/Ruleset/YouTube.list
ruleset=国外,https://ghproxy.com/https://raw.githubusercontent.com/ACL4SSR/ACL4SSR/master/Clash/Ruleset/Netflix.list
ruleset=国外体,https://ghproxy.com/https://raw.githubusercontent.com/ACL4SSR/ACL4SSR/master/Clash/Ruleset/Bahamut.list
ruleset=国外,https://ghproxy.com/https://raw.githubusercontent.com/ACL4SSR/ACL4SSR/master/Clash/Ruleset/Bilibili.list
ruleset=国外,https://ghproxy.com/https://raw.githubusercontent.com/ACL4SSR/ACL4SSR/master/Clash/Ruleset/BilibiliHMT.list
;ruleset=国外,https://ghproxy.com/https://raw.githubusercontent.com/hope140/Clash/main/NetEaseMusic.list
ruleset=国内,https://ghproxy.com/https://raw.githubusercontent.com/ACL4SSR/ACL4SSR/master/Clash/ChinaMedia.list
ruleset=国外,https://ghproxy.com/https://raw.githubusercontent.com/ACL4SSR/ACL4SSR/master/Clash/ProxyMedia.list
ruleset=国外,https://ghproxy.com/https://raw.githubusercontent.com/ACL4SSR/ACL4SSR/master/Clash/ProxyGFWlist.list
ruleset=国内,https://ghproxy.com/https://raw.githubusercontent.com/ACL4SSR/ACL4SSR/master/Clash/ChinaIp.list
ruleset=国内,https://ghproxy.com/https://raw.githubusercontent.com/ACL4SSR/ACL4SSR/master/Clash/ChinaDomain.list
ruleset=国内,https://ghproxy.com/https://raw.githubusercontent.com/ACL4SSR/ACL4SSR/master/Clash/ChinaCompanyIp.list
ruleset=国内连,https://ghproxy.com/https://raw.githubusercontent.com/ACL4SSR/ACL4SSR/master/Clash/Download.list
ruleset=国内,[]GEOIP,CN
ruleset=国外,[]FINAL
;设置规则标志位

;设置分组标志位
custom_proxy_group=国外`select`[]自动选择`[]DIRECT
custom_proxy_group=国内`select`[]自动选择`[]DIRECT
custom_proxy_group=游戏`select`[]自动选择`[]DIRECT
custom_proxy_group=自动选择`url-test`.*`http://www.gstatic.com/generate_204`30,,50

;设置分组标志位

enable_rule_generator=true
overwrite_original_rules=true

;clash_rule_base=https://ghproxy.com/https://raw.githubusercontent.com/hope140/Clash/beta/GeneralClashConfig.yml
